// !$*UTF8*$!
{
	archiveVersion = 1;
	classes = {
	};
	objectVersion = 52;
	objects = {

/* Begin PBXBuildFile section */
		160660EA248D55D80045D08C /* Diary.swift in Sources */ = {isa = PBXBuildFile; fileRef = 160660E9248D55D80045D08C /* Diary.swift */; };
		160660EC248D5DDF0045D08C /* DiaryView.swift in Sources */ = {isa = PBXBuildFile; fileRef = 160660EB248D5DDF0045D08C /* DiaryView.swift */; };
		160660EE248D7B870045D08C /* ExperimentView.swift in Sources */ = {isa = PBXBuildFile; fileRef = 160660ED248D7B870045D08C /* ExperimentView.swift */; };
		160660F0248EEA2F0045D08C /* SensorFusion.swift in Sources */ = {isa = PBXBuildFile; fileRef = 160660EF248EEA2E0045D08C /* SensorFusion.swift */; };
		1627E16E2498653E003BE502 /* ExhaustiveTests.swift in Sources */ = {isa = PBXBuildFile; fileRef = 1627E16D2498653E003BE502 /* ExhaustiveTests.swift */; };
		163E752B247166A3000B41B6 /* ExposureFramework.swift in Sources */ = {isa = PBXBuildFile; fileRef = 164D16F0246A118200267376 /* ExposureFramework.swift */; };
		164D16D5246A10D800267376 /* AppDelegate.swift in Sources */ = {isa = PBXBuildFile; fileRef = 164D16D4246A10D800267376 /* AppDelegate.swift */; };
		164D16D7246A10D800267376 /* SceneDelegate.swift in Sources */ = {isa = PBXBuildFile; fileRef = 164D16D6246A10D800267376 /* SceneDelegate.swift */; };
		164D16D9246A10D800267376 /* ContentView.swift in Sources */ = {isa = PBXBuildFile; fileRef = 164D16D8246A10D800267376 /* ContentView.swift */; };
		164D16DB246A10DC00267376 /* Assets.xcassets in Resources */ = {isa = PBXBuildFile; fileRef = 164D16DA246A10DC00267376 /* Assets.xcassets */; };
		164D16DE246A10DC00267376 /* Preview Assets.xcassets in Resources */ = {isa = PBXBuildFile; fileRef = 164D16DD246A10DC00267376 /* Preview Assets.xcassets */; };
		164D16E1246A10DC00267376 /* LaunchScreen.storyboard in Resources */ = {isa = PBXBuildFile; fileRef = 164D16DF246A10DC00267376 /* LaunchScreen.storyboard */; };
		164D16EB246A112600267376 /* ExposureNotification.framework in Frameworks */ = {isa = PBXBuildFile; fileRef = 164D16EA246A112600267376 /* ExposureNotification.framework */; };
		164D16EF246A116F00267376 /* SwiftProtobuf in Frameworks */ = {isa = PBXBuildFile; productRef = 164D16EE246A116F00267376 /* SwiftProtobuf */; };
		164D16F8246A1CE200267376 /* CodableEN.swift in Sources */ = {isa = PBXBuildFile; fileRef = 164D16F7246A1CE200267376 /* CodableEN.swift */; };
		164D16FA246AD19500267376 /* Utilities.swift in Sources */ = {isa = PBXBuildFile; fileRef = 164D16F9246AD19500267376 /* Utilities.swift */; };
		164D1722246B357900267376 /* Localizable.strings in Resources */ = {isa = PBXBuildFile; fileRef = 164D1721246B357900267376 /* Localizable.strings */; };
		165CBABB249ED9C0009DFB7A /* MultipeerExperimentView.swift in Sources */ = {isa = PBXBuildFile; fileRef = 165CBABA249ED9B6009DFB7A /* MultipeerExperimentView.swift */; };
		165CBABE249EF25C009DFB7A /* Grid in Frameworks */ = {isa = PBXBuildFile; productRef = 165CBABD249EF25C009DFB7A /* Grid */; };
		1674A84224A8D8A900607950 /* OnboardingView.swift in Sources */ = {isa = PBXBuildFile; fileRef = 1674A84124A8D8A900607950 /* OnboardingView.swift */; };
		167BBC1C24926010007A7819 /* GAEN_ExplorerTests.swift in Sources */ = {isa = PBXBuildFile; fileRef = 167BBC1B24926010007A7819 /* GAEN_ExplorerTests.swift */; };
		168D79082473261C00472889 /* TemporaryExposureKeyExport.pb.swift in Sources */ = {isa = PBXBuildFile; fileRef = 168D79072473261C00472889 /* TemporaryExposureKeyExport.pb.swift */; };
		16A4D83B246C902800A081EF /* keys_64.png in Resources */ = {isa = PBXBuildFile; fileRef = 16A4D837246C902800A081EF /* keys_64.png */; };
		16A4D83C246C902800A081EF /* keys_44.png in Resources */ = {isa = PBXBuildFile; fileRef = 16A4D838246C902800A081EF /* keys_44.png */; };
		16A4D83D246C902800A081EF /* keys_22.png in Resources */ = {isa = PBXBuildFile; fileRef = 16A4D839246C902800A081EF /* keys_22.png */; };
		16A4D83E246C902800A081EF /* keys_320.png in Resources */ = {isa = PBXBuildFile; fileRef = 16A4D83A246C902800A081EF /* keys_320.png */; };
		16AB372C24A18B520095E568 /* MultipeerService.swift in Sources */ = {isa = PBXBuildFile; fileRef = 16AB372B24A18B520095E568 /* MultipeerService.swift */; };
		16B4184F24773C670054D622 /* GAEN_Explorer.entitlements in Resources */ = {isa = PBXBuildFile; fileRef = 164D16E8246A111700267376 /* GAEN_Explorer.entitlements */; };
		16BBDB9F247323A200BA18D5 /* TemporaryExposureKeyExport.proto in Sources */ = {isa = PBXBuildFile; fileRef = 16BBDB9E247323A200BA18D5 /* TemporaryExposureKeyExport.proto */; };
		16C3E71D2476D14900B4EA2B /* AboutView.swift in Sources */ = {isa = PBXBuildFile; fileRef = 16C3E71C2476D14900B4EA2B /* AboutView.swift */; };
		16C90A182494648E0038A9E6 /* Utilities.swift in Sources */ = {isa = PBXBuildFile; fileRef = 164D16F9246AD19500267376 /* Utilities.swift */; };
		16C90A1A2495048E0038A9E6 /* BoundedInt.swift in Sources */ = {isa = PBXBuildFile; fileRef = 16C90A192495048D0038A9E6 /* BoundedInt.swift */; };
		16C90A1B24950F830038A9E6 /* BoundedInt.swift in Sources */ = {isa = PBXBuildFile; fileRef = 16C90A192495048D0038A9E6 /* BoundedInt.swift */; };
		16C90A1C24952B580038A9E6 /* CodableEN.swift in Sources */ = {isa = PBXBuildFile; fileRef = 164D16F7246A1CE200267376 /* CodableEN.swift */; };
		16C90A1D24952C0C0038A9E6 /* LocalStores.swift in Sources */ = {isa = PBXBuildFile; fileRef = 16F6179E247B583700757986 /* LocalStores.swift */; };
		16C90A1E24952C200038A9E6 /* ExposureAnalysis.swift in Sources */ = {isa = PBXBuildFile; fileRef = 16F308172480103100BD7DA1 /* ExposureAnalysis.swift */; };
		16C90A1F24952C370038A9E6 /* ExposureFramework.swift in Sources */ = {isa = PBXBuildFile; fileRef = 164D16F0246A118200267376 /* ExposureFramework.swift */; };
		16C90A2024952C3B0038A9E6 /* SensorFusion.swift in Sources */ = {isa = PBXBuildFile; fileRef = 160660EF248EEA2E0045D08C /* SensorFusion.swift */; };
		16C90A2124952C610038A9E6 /* Diary.swift in Sources */ = {isa = PBXBuildFile; fileRef = 160660E9248D55D80045D08C /* Diary.swift */; };
		16C90A2224952C9F0038A9E6 /* TemporaryExposureKeyExport.pb.swift in Sources */ = {isa = PBXBuildFile; fileRef = 168D79072473261C00472889 /* TemporaryExposureKeyExport.pb.swift */; };
		16C90A2624967C930038A9E6 /* GroundTruthTests.swift in Sources */ = {isa = PBXBuildFile; fileRef = 16C90A2524967C920038A9E6 /* GroundTruthTests.swift */; };
		16CBDFF82476BE2E009AF285 /* ExposuresView.swift in Sources */ = {isa = PBXBuildFile; fileRef = 16CBDFF72476BE2E009AF285 /* ExposuresView.swift */; };
		16F308182480103100BD7DA1 /* ExposureAnalysis.swift in Sources */ = {isa = PBXBuildFile; fileRef = 16F308172480103100BD7DA1 /* ExposureAnalysis.swift */; };
		16F3083A2481996200BD7DA1 /* CHANGES.md in Resources */ = {isa = PBXBuildFile; fileRef = 16F308392481996000BD7DA1 /* CHANGES.md */; };
		16F6179D247B1FB000757986 /* ConfigurationView.swift in Sources */ = {isa = PBXBuildFile; fileRef = 16F6179C247B1FB000757986 /* ConfigurationView.swift */; };
		16F6179F247B583700757986 /* LocalStores.swift in Sources */ = {isa = PBXBuildFile; fileRef = 16F6179E247B583700757986 /* LocalStores.swift */; };
		16FE3363247995720061BEBE /* README.md in Resources */ = {isa = PBXBuildFile; fileRef = 16FE3362247995720061BEBE /* README.md */; };
/* End PBXBuildFile section */

/* Begin PBXContainerItemProxy section */
		167BBC1E24926010007A7819 /* PBXContainerItemProxy */ = {
			isa = PBXContainerItemProxy;
			containerPortal = 164D16C9246A10D800267376 /* Project object */;
			proxyType = 1;
			remoteGlobalIDString = 164D16D0246A10D800267376;
			remoteInfo = GAEN_Explorer;
		};
/* End PBXContainerItemProxy section */

/* Begin PBXFileReference section */
		160660E9248D55D80045D08C /* Diary.swift */ = {isa = PBXFileReference; lastKnownFileType = sourcecode.swift; path = Diary.swift; sourceTree = "<group>"; };
		160660EB248D5DDF0045D08C /* DiaryView.swift */ = {isa = PBXFileReference; lastKnownFileType = sourcecode.swift; path = DiaryView.swift; sourceTree = "<group>"; };
		160660ED248D7B870045D08C /* ExperimentView.swift */ = {isa = PBXFileReference; lastKnownFileType = sourcecode.swift; path = ExperimentView.swift; sourceTree = "<group>"; };
		160660EF248EEA2E0045D08C /* SensorFusion.swift */ = {isa = PBXFileReference; fileEncoding = 4; lastKnownFileType = sourcecode.swift; path = SensorFusion.swift; sourceTree = "<group>"; };
		1627E16D2498653E003BE502 /* ExhaustiveTests.swift */ = {isa = PBXFileReference; lastKnownFileType = sourcecode.swift; path = ExhaustiveTests.swift; sourceTree = "<group>"; };
		164D16D1246A10D800267376 /* GAEN Explorer.app */ = {isa = PBXFileReference; explicitFileType = wrapper.application; includeInIndex = 0; path = "GAEN Explorer.app"; sourceTree = BUILT_PRODUCTS_DIR; };
		164D16D4246A10D800267376 /* AppDelegate.swift */ = {isa = PBXFileReference; lastKnownFileType = sourcecode.swift; path = AppDelegate.swift; sourceTree = "<group>"; };
		164D16D6246A10D800267376 /* SceneDelegate.swift */ = {isa = PBXFileReference; lastKnownFileType = sourcecode.swift; path = SceneDelegate.swift; sourceTree = "<group>"; };
		164D16D8246A10D800267376 /* ContentView.swift */ = {isa = PBXFileReference; lastKnownFileType = sourcecode.swift; path = ContentView.swift; sourceTree = "<group>"; };
		164D16DA246A10DC00267376 /* Assets.xcassets */ = {isa = PBXFileReference; lastKnownFileType = folder.assetcatalog; path = Assets.xcassets; sourceTree = "<group>"; };
		164D16DD246A10DC00267376 /* Preview Assets.xcassets */ = {isa = PBXFileReference; lastKnownFileType = folder.assetcatalog; path = "Preview Assets.xcassets"; sourceTree = "<group>"; };
		164D16E0246A10DC00267376 /* Base */ = {isa = PBXFileReference; lastKnownFileType = file.storyboard; name = Base; path = Base.lproj/LaunchScreen.storyboard; sourceTree = "<group>"; };
		164D16E2246A10DC00267376 /* Info.plist */ = {isa = PBXFileReference; lastKnownFileType = text.plist.xml; path = Info.plist; sourceTree = "<group>"; };
		164D16E8246A111700267376 /* GAEN_Explorer.entitlements */ = {isa = PBXFileReference; lastKnownFileType = text.plist.entitlements; path = GAEN_Explorer.entitlements; sourceTree = "<group>"; };
		164D16EA246A112600267376 /* ExposureNotification.framework */ = {isa = PBXFileReference; lastKnownFileType = wrapper.framework; name = ExposureNotification.framework; path = System/Library/Frameworks/ExposureNotification.framework; sourceTree = SDKROOT; };
		164D16F0246A118200267376 /* ExposureFramework.swift */ = {isa = PBXFileReference; lastKnownFileType = sourcecode.swift; path = ExposureFramework.swift; sourceTree = "<group>"; };
		164D16F7246A1CE200267376 /* CodableEN.swift */ = {isa = PBXFileReference; lastKnownFileType = sourcecode.swift; path = CodableEN.swift; sourceTree = "<group>"; };
		164D16F9246AD19500267376 /* Utilities.swift */ = {isa = PBXFileReference; lastKnownFileType = sourcecode.swift; path = Utilities.swift; sourceTree = "<group>"; };
		164D1721246B357900267376 /* Localizable.strings */ = {isa = PBXFileReference; fileEncoding = 4; lastKnownFileType = text.plist.strings; path = Localizable.strings; sourceTree = "<group>"; };
		165CBABA249ED9B6009DFB7A /* MultipeerExperimentView.swift */ = {isa = PBXFileReference; lastKnownFileType = sourcecode.swift; path = MultipeerExperimentView.swift; sourceTree = "<group>"; };
		166B69B8249FC012008C4B85 /* MultipeerExperiment.md */ = {isa = PBXFileReference; lastKnownFileType = net.daringfireball.markdown; path = MultipeerExperiment.md; sourceTree = "<group>"; };
		1674A84124A8D8A900607950 /* OnboardingView.swift */ = {isa = PBXFileReference; lastKnownFileType = sourcecode.swift; path = OnboardingView.swift; sourceTree = "<group>"; };
		167BBC1924926010007A7819 /* GAEN ExplorerTests.xctest */ = {isa = PBXFileReference; explicitFileType = wrapper.cfbundle; includeInIndex = 0; path = "GAEN ExplorerTests.xctest"; sourceTree = BUILT_PRODUCTS_DIR; };
		167BBC1B24926010007A7819 /* GAEN_ExplorerTests.swift */ = {isa = PBXFileReference; lastKnownFileType = sourcecode.swift; path = GAEN_ExplorerTests.swift; sourceTree = "<group>"; };
		167BBC1D24926010007A7819 /* Info.plist */ = {isa = PBXFileReference; lastKnownFileType = text.plist.xml; path = Info.plist; sourceTree = "<group>"; };
		167BBE632493BAFA007A7819 /* EXPERIMENTS.md */ = {isa = PBXFileReference; lastKnownFileType = net.daringfireball.markdown; path = EXPERIMENTS.md; sourceTree = "<group>"; };
		168D79072473261C00472889 /* TemporaryExposureKeyExport.pb.swift */ = {isa = PBXFileReference; fileEncoding = 4; lastKnownFileType = sourcecode.swift; path = TemporaryExposureKeyExport.pb.swift; sourceTree = "<group>"; };
		16A4D837246C902800A081EF /* keys_64.png */ = {isa = PBXFileReference; lastKnownFileType = image.png; path = keys_64.png; sourceTree = "<group>"; };
		16A4D838246C902800A081EF /* keys_44.png */ = {isa = PBXFileReference; lastKnownFileType = image.png; path = keys_44.png; sourceTree = "<group>"; };
		16A4D839246C902800A081EF /* keys_22.png */ = {isa = PBXFileReference; lastKnownFileType = image.png; path = keys_22.png; sourceTree = "<group>"; };
		16A4D83A246C902800A081EF /* keys_320.png */ = {isa = PBXFileReference; lastKnownFileType = image.png; path = keys_320.png; sourceTree = "<group>"; };
		16AB372B24A18B520095E568 /* MultipeerService.swift */ = {isa = PBXFileReference; fileEncoding = 4; lastKnownFileType = sourcecode.swift; path = MultipeerService.swift; sourceTree = "<group>"; };
		16BBDB9E247323A200BA18D5 /* TemporaryExposureKeyExport.proto */ = {isa = PBXFileReference; lastKnownFileType = sourcecode.protobuf; path = TemporaryExposureKeyExport.proto; sourceTree = "<group>"; };
		16C3E71C2476D14900B4EA2B /* AboutView.swift */ = {isa = PBXFileReference; lastKnownFileType = sourcecode.swift; path = AboutView.swift; sourceTree = "<group>"; };
		16C90A192495048D0038A9E6 /* BoundedInt.swift */ = {isa = PBXFileReference; lastKnownFileType = sourcecode.swift; path = BoundedInt.swift; sourceTree = "<group>"; };
		16C90A2524967C920038A9E6 /* GroundTruthTests.swift */ = {isa = PBXFileReference; lastKnownFileType = sourcecode.swift; path = GroundTruthTests.swift; sourceTree = "<group>"; };
		16CBDFF72476BE2E009AF285 /* ExposuresView.swift */ = {isa = PBXFileReference; lastKnownFileType = sourcecode.swift; path = ExposuresView.swift; sourceTree = "<group>"; };
		16F308172480103100BD7DA1 /* ExposureAnalysis.swift */ = {isa = PBXFileReference; lastKnownFileType = sourcecode.swift; path = ExposureAnalysis.swift; sourceTree = "<group>"; };
		16F308392481996000BD7DA1 /* CHANGES.md */ = {isa = PBXFileReference; lastKnownFileType = net.daringfireball.markdown; path = CHANGES.md; sourceTree = "<group>"; };
		16F6179C247B1FB000757986 /* ConfigurationView.swift */ = {isa = PBXFileReference; lastKnownFileType = sourcecode.swift; path = ConfigurationView.swift; sourceTree = "<group>"; };
		16F6179E247B583700757986 /* LocalStores.swift */ = {isa = PBXFileReference; lastKnownFileType = sourcecode.swift; path = LocalStores.swift; sourceTree = "<group>"; };
		16FE3362247995720061BEBE /* README.md */ = {isa = PBXFileReference; fileEncoding = 4; lastKnownFileType = net.daringfireball.markdown; path = README.md; sourceTree = "<group>"; };
/* End PBXFileReference section */

/* Begin PBXFrameworksBuildPhase section */
		164D16CE246A10D800267376 /* Frameworks */ = {
			isa = PBXFrameworksBuildPhase;
			buildActionMask = 2147483647;
			files = (
				164D16EB246A112600267376 /* ExposureNotification.framework in Frameworks */,
				165CBABE249EF25C009DFB7A /* Grid in Frameworks */,
				164D16EF246A116F00267376 /* SwiftProtobuf in Frameworks */,
			);
			runOnlyForDeploymentPostprocessing = 0;
		};
		167BBC1624926010007A7819 /* Frameworks */ = {
			isa = PBXFrameworksBuildPhase;
			buildActionMask = 2147483647;
			files = (
			);
			runOnlyForDeploymentPostprocessing = 0;
		};
/* End PBXFrameworksBuildPhase section */

/* Begin PBXGroup section */
		1617BAC12475AAC900BFF2D7 /* Functionality */ = {
			isa = PBXGroup;
			children = (
				160660EF248EEA2E0045D08C /* SensorFusion.swift */,
				164D16F0246A118200267376 /* ExposureFramework.swift */,
				16AB372B24A18B520095E568 /* MultipeerService.swift */,
				164D16F9246AD19500267376 /* Utilities.swift */,
			);
			path = Functionality;
			sourceTree = "<group>";
		};
		164D16C8246A10D800267376 = {
			isa = PBXGroup;
			children = (
				167BBE632493BAFA007A7819 /* EXPERIMENTS.md */,
				16F308392481996000BD7DA1 /* CHANGES.md */,
				16FE3362247995720061BEBE /* README.md */,
				164D16D3246A10D800267376 /* GAEN_Explorer */,
				167BBC1A24926010007A7819 /* GAEN ExplorerTests */,
				164D16D2246A10D800267376 /* Products */,
				164D16E9246A112600267376 /* Frameworks */,
			);
			sourceTree = "<group>";
		};
		164D16D2246A10D800267376 /* Products */ = {
			isa = PBXGroup;
			children = (
				164D16D1246A10D800267376 /* GAEN Explorer.app */,
				167BBC1924926010007A7819 /* GAEN ExplorerTests.xctest */,
			);
			name = Products;
			sourceTree = "<group>";
		};
		164D16D3246A10D800267376 /* GAEN_Explorer */ = {
			isa = PBXGroup;
			children = (
				166B69B7249FBFF1008C4B85 /* Documentation */,
				16A4D82E246C8E9100A081EF /* UTI Icons */,
				164D16F6246A1BF500267376 /* Model */,
				164D16E8246A111700267376 /* GAEN_Explorer.entitlements */,
				164D16D4246A10D800267376 /* AppDelegate.swift */,
				164D16D6246A10D800267376 /* SceneDelegate.swift */,
				1617BAC12475AAC900BFF2D7 /* Functionality */,
				16C3E71E2476D53300B4EA2B /* Views */,
				164D16DA246A10DC00267376 /* Assets.xcassets */,
				164D1721246B357900267376 /* Localizable.strings */,
				164D16DF246A10DC00267376 /* LaunchScreen.storyboard */,
				164D16E2246A10DC00267376 /* Info.plist */,
				164D16DC246A10DC00267376 /* Preview Content */,
			);
			path = GAEN_Explorer;
			sourceTree = "<group>";
		};
		164D16DC246A10DC00267376 /* Preview Content */ = {
			isa = PBXGroup;
			children = (
				164D16DD246A10DC00267376 /* Preview Assets.xcassets */,
			);
			path = "Preview Content";
			sourceTree = "<group>";
		};
		164D16E9246A112600267376 /* Frameworks */ = {
			isa = PBXGroup;
			children = (
				164D16EA246A112600267376 /* ExposureNotification.framework */,
			);
			name = Frameworks;
			sourceTree = "<group>";
		};
		164D16F6246A1BF500267376 /* Model */ = {
			isa = PBXGroup;
			children = (
				16BBDB9E247323A200BA18D5 /* TemporaryExposureKeyExport.proto */,
				168D79072473261C00472889 /* TemporaryExposureKeyExport.pb.swift */,
				164D16F7246A1CE200267376 /* CodableEN.swift */,
				160660E9248D55D80045D08C /* Diary.swift */,
				16F6179E247B583700757986 /* LocalStores.swift */,
				16F308172480103100BD7DA1 /* ExposureAnalysis.swift */,
				16C90A192495048D0038A9E6 /* BoundedInt.swift */,
			);
			path = Model;
			sourceTree = "<group>";
		};
		166B69B7249FBFF1008C4B85 /* Documentation */ = {
			isa = PBXGroup;
			children = (
				166B69B8249FC012008C4B85 /* MultipeerExperiment.md */,
			);
			path = Documentation;
			sourceTree = "<group>";
		};
		167BBC1A24926010007A7819 /* GAEN ExplorerTests */ = {
			isa = PBXGroup;
			children = (
				167BBC1B24926010007A7819 /* GAEN_ExplorerTests.swift */,
				16C90A2524967C920038A9E6 /* GroundTruthTests.swift */,
				1627E16D2498653E003BE502 /* ExhaustiveTests.swift */,
				167BBC1D24926010007A7819 /* Info.plist */,
			);
			path = "GAEN ExplorerTests";
			sourceTree = "<group>";
		};
		16A4D82E246C8E9100A081EF /* UTI Icons */ = {
			isa = PBXGroup;
			children = (
				16A4D839246C902800A081EF /* keys_22.png */,
				16A4D838246C902800A081EF /* keys_44.png */,
				16A4D837246C902800A081EF /* keys_64.png */,
				16A4D83A246C902800A081EF /* keys_320.png */,
			);
			name = "UTI Icons";
			sourceTree = "<group>";
		};
		16C3E71E2476D53300B4EA2B /* Views */ = {
			isa = PBXGroup;
			children = (
				160660ED248D7B870045D08C /* ExperimentView.swift */,
				164D16D8246A10D800267376 /* ContentView.swift */,
				160660EB248D5DDF0045D08C /* DiaryView.swift */,
				16C3E71C2476D14900B4EA2B /* AboutView.swift */,
				16CBDFF72476BE2E009AF285 /* ExposuresView.swift */,
				16F6179C247B1FB000757986 /* ConfigurationView.swift */,
				165CBABA249ED9B6009DFB7A /* MultipeerExperimentView.swift */,
				1674A84124A8D8A900607950 /* OnboardingView.swift */,
			);
			path = Views;
			sourceTree = "<group>";
		};
/* End PBXGroup section */

/* Begin PBXNativeTarget section */
		164D16D0246A10D800267376 /* GAEN_Explorer */ = {
			isa = PBXNativeTarget;
			buildConfigurationList = 164D16E5246A10DC00267376 /* Build configuration list for PBXNativeTarget "GAEN_Explorer" */;
			buildPhases = (
				164D16CD246A10D800267376 /* Sources */,
				164D16CE246A10D800267376 /* Frameworks */,
				164D16CF246A10D800267376 /* Resources */,
			);
			buildRules = (
			);
			dependencies = (
			);
			name = GAEN_Explorer;
			packageProductDependencies = (
				164D16EE246A116F00267376 /* SwiftProtobuf */,
				165CBABD249EF25C009DFB7A /* Grid */,
			);
			productName = Test1;
			productReference = 164D16D1246A10D800267376 /* GAEN Explorer.app */;
			productType = "com.apple.product-type.application";
		};
		167BBC1824926010007A7819 /* GAEN ExplorerTests */ = {
			isa = PBXNativeTarget;
			buildConfigurationList = 167BBC2224926010007A7819 /* Build configuration list for PBXNativeTarget "GAEN ExplorerTests" */;
			buildPhases = (
				167BBC1524926010007A7819 /* Sources */,
				167BBC1624926010007A7819 /* Frameworks */,
				167BBC1724926010007A7819 /* Resources */,
			);
			buildRules = (
			);
			dependencies = (
				167BBC1F24926010007A7819 /* PBXTargetDependency */,
			);
			name = "GAEN ExplorerTests";
			productName = "GAEN ExplorerTests";
			productReference = 167BBC1924926010007A7819 /* GAEN ExplorerTests.xctest */;
			productType = "com.apple.product-type.bundle.unit-test";
		};
/* End PBXNativeTarget section */

/* Begin PBXProject section */
		164D16C9246A10D800267376 /* Project object */ = {
			isa = PBXProject;
			attributes = {
				LastSwiftUpdateCheck = 1160;
				LastUpgradeCheck = 1150;
				ORGANIZATIONNAME = "Ninja Monkey Coders";
				TargetAttributes = {
					164D16D0246A10D800267376 = {
						CreatedOnToolsVersion = 11.5;
					};
					167BBC1824926010007A7819 = {
						CreatedOnToolsVersion = 11.6;
						TestTargetID = 164D16D0246A10D800267376;
					};
				};
			};
			buildConfigurationList = 164D16CC246A10D800267376 /* Build configuration list for PBXProject "GAEN_Explorer" */;
			compatibilityVersion = "Xcode 9.3";
			developmentRegion = en;
			hasScannedForEncodings = 0;
			knownRegions = (
				en,
				Base,
			);
			mainGroup = 164D16C8246A10D800267376;
			packageReferences = (
				164D16ED246A116F00267376 /* XCRemoteSwiftPackageReference "swift-protobuf" */,
				165CBABC249EF25C009DFB7A /* XCRemoteSwiftPackageReference "swiftui-grid" */,
			);
			productRefGroup = 164D16D2246A10D800267376 /* Products */;
			projectDirPath = "";
			projectRoot = "";
			targets = (
				164D16D0246A10D800267376 /* GAEN_Explorer */,
				167BBC1824926010007A7819 /* GAEN ExplorerTests */,
			);
		};
/* End PBXProject section */

/* Begin PBXResourcesBuildPhase section */
		164D16CF246A10D800267376 /* Resources */ = {
			isa = PBXResourcesBuildPhase;
			buildActionMask = 2147483647;
			files = (
				16B4184F24773C670054D622 /* GAEN_Explorer.entitlements in Resources */,
				16F3083A2481996200BD7DA1 /* CHANGES.md in Resources */,
				164D16E1246A10DC00267376 /* LaunchScreen.storyboard in Resources */,
				16A4D83B246C902800A081EF /* keys_64.png in Resources */,
				164D1722246B357900267376 /* Localizable.strings in Resources */,
				164D16DE246A10DC00267376 /* Preview Assets.xcassets in Resources */,
				164D16DB246A10DC00267376 /* Assets.xcassets in Resources */,
				16A4D83D246C902800A081EF /* keys_22.png in Resources */,
				16A4D83E246C902800A081EF /* keys_320.png in Resources */,
				16FE3363247995720061BEBE /* README.md in Resources */,
				16A4D83C246C902800A081EF /* keys_44.png in Resources */,
			);
			runOnlyForDeploymentPostprocessing = 0;
		};
		167BBC1724926010007A7819 /* Resources */ = {
			isa = PBXResourcesBuildPhase;
			buildActionMask = 2147483647;
			files = (
			);
			runOnlyForDeploymentPostprocessing = 0;
		};
/* End PBXResourcesBuildPhase section */

/* Begin PBXSourcesBuildPhase section */
		164D16CD246A10D800267376 /* Sources */ = {
			isa = PBXSourcesBuildPhase;
			buildActionMask = 2147483647;
			files = (
				16F308182480103100BD7DA1 /* ExposureAnalysis.swift in Sources */,
				16C90A1A2495048E0038A9E6 /* BoundedInt.swift in Sources */,
				16CBDFF82476BE2E009AF285 /* ExposuresView.swift in Sources */,
				164D16D5246A10D800267376 /* AppDelegate.swift in Sources */,
				165CBABB249ED9C0009DFB7A /* MultipeerExperimentView.swift in Sources */,
				16C3E71D2476D14900B4EA2B /* AboutView.swift in Sources */,
				1674A84224A8D8A900607950 /* OnboardingView.swift in Sources */,
				164D16D7246A10D800267376 /* SceneDelegate.swift in Sources */,
				160660EC248D5DDF0045D08C /* DiaryView.swift in Sources */,
				164D16D9246A10D800267376 /* ContentView.swift in Sources */,
				164D16FA246AD19500267376 /* Utilities.swift in Sources */,
				160660EA248D55D80045D08C /* Diary.swift in Sources */,
				16BBDB9F247323A200BA18D5 /* TemporaryExposureKeyExport.proto in Sources */,
				16F6179F247B583700757986 /* LocalStores.swift in Sources */,
				16F6179D247B1FB000757986 /* ConfigurationView.swift in Sources */,
				168D79082473261C00472889 /* TemporaryExposureKeyExport.pb.swift in Sources */,
				160660F0248EEA2F0045D08C /* SensorFusion.swift in Sources */,
				163E752B247166A3000B41B6 /* ExposureFramework.swift in Sources */,
				16AB372C24A18B520095E568 /* MultipeerService.swift in Sources */,
				160660EE248D7B870045D08C /* ExperimentView.swift in Sources */,
				164D16F8246A1CE200267376 /* CodableEN.swift in Sources */,
			);
			runOnlyForDeploymentPostprocessing = 0;
		};
		167BBC1524926010007A7819 /* Sources */ = {
			isa = PBXSourcesBuildPhase;
			buildActionMask = 2147483647;
			files = (
				16C90A1E24952C200038A9E6 /* ExposureAnalysis.swift in Sources */,
				16C90A182494648E0038A9E6 /* Utilities.swift in Sources */,
				16C90A1B24950F830038A9E6 /* BoundedInt.swift in Sources */,
				16C90A2024952C3B0038A9E6 /* SensorFusion.swift in Sources */,
				16C90A1F24952C370038A9E6 /* ExposureFramework.swift in Sources */,
				16C90A2124952C610038A9E6 /* Diary.swift in Sources */,
				167BBC1C24926010007A7819 /* GAEN_ExplorerTests.swift in Sources */,
				16C90A2624967C930038A9E6 /* GroundTruthTests.swift in Sources */,
				16C90A2224952C9F0038A9E6 /* TemporaryExposureKeyExport.pb.swift in Sources */,
				1627E16E2498653E003BE502 /* ExhaustiveTests.swift in Sources */,
				16C90A1C24952B580038A9E6 /* CodableEN.swift in Sources */,
				16C90A1D24952C0C0038A9E6 /* LocalStores.swift in Sources */,
			);
			runOnlyForDeploymentPostprocessing = 0;
		};
/* End PBXSourcesBuildPhase section */

/* Begin PBXTargetDependency section */
		167BBC1F24926010007A7819 /* PBXTargetDependency */ = {
			isa = PBXTargetDependency;
			target = 164D16D0246A10D800267376 /* GAEN_Explorer */;
			targetProxy = 167BBC1E24926010007A7819 /* PBXContainerItemProxy */;
		};
/* End PBXTargetDependency section */

/* Begin PBXVariantGroup section */
		164D16DF246A10DC00267376 /* LaunchScreen.storyboard */ = {
			isa = PBXVariantGroup;
			children = (
				164D16E0246A10DC00267376 /* Base */,
			);
			name = LaunchScreen.storyboard;
			sourceTree = "<group>";
		};
/* End PBXVariantGroup section */

/* Begin XCBuildConfiguration section */
		164D16E3246A10DC00267376 /* Debug */ = {
			isa = XCBuildConfiguration;
			buildSettings = {
				ALWAYS_SEARCH_USER_PATHS = NO;
				CLANG_ANALYZER_NONNULL = YES;
				CLANG_ANALYZER_NUMBER_OBJECT_CONVERSION = YES_AGGRESSIVE;
				CLANG_CXX_LANGUAGE_STANDARD = "gnu++14";
				CLANG_CXX_LIBRARY = "libc++";
				CLANG_ENABLE_MODULES = YES;
				CLANG_ENABLE_OBJC_ARC = YES;
				CLANG_ENABLE_OBJC_WEAK = YES;
				CLANG_WARN_BLOCK_CAPTURE_AUTORELEASING = YES;
				CLANG_WARN_BOOL_CONVERSION = YES;
				CLANG_WARN_COMMA = YES;
				CLANG_WARN_CONSTANT_CONVERSION = YES;
				CLANG_WARN_DEPRECATED_OBJC_IMPLEMENTATIONS = YES;
				CLANG_WARN_DIRECT_OBJC_ISA_USAGE = YES_ERROR;
				CLANG_WARN_DOCUMENTATION_COMMENTS = YES;
				CLANG_WARN_EMPTY_BODY = YES;
				CLANG_WARN_ENUM_CONVERSION = YES;
				CLANG_WARN_INFINITE_RECURSION = YES;
				CLANG_WARN_INT_CONVERSION = YES;
				CLANG_WARN_NON_LITERAL_NULL_CONVERSION = YES;
				CLANG_WARN_OBJC_IMPLICIT_RETAIN_SELF = YES;
				CLANG_WARN_OBJC_LITERAL_CONVERSION = YES;
				CLANG_WARN_OBJC_ROOT_CLASS = YES_ERROR;
				CLANG_WARN_RANGE_LOOP_ANALYSIS = YES;
				CLANG_WARN_STRICT_PROTOTYPES = YES;
				CLANG_WARN_SUSPICIOUS_MOVE = YES;
				CLANG_WARN_UNGUARDED_AVAILABILITY = YES_AGGRESSIVE;
				CLANG_WARN_UNREACHABLE_CODE = YES;
				CLANG_WARN__DUPLICATE_METHOD_MATCH = YES;
				COPY_PHASE_STRIP = NO;
				DEBUG_INFORMATION_FORMAT = dwarf;
				ENABLE_STRICT_OBJC_MSGSEND = YES;
				ENABLE_TESTABILITY = YES;
				GCC_C_LANGUAGE_STANDARD = gnu11;
				GCC_DYNAMIC_NO_PIC = NO;
				GCC_NO_COMMON_BLOCKS = YES;
				GCC_OPTIMIZATION_LEVEL = 0;
				GCC_PREPROCESSOR_DEFINITIONS = (
					"DEBUG=1",
					"$(inherited)",
				);
				GCC_WARN_64_TO_32_BIT_CONVERSION = YES;
				GCC_WARN_ABOUT_RETURN_TYPE = YES_ERROR;
				GCC_WARN_UNDECLARED_SELECTOR = YES;
				GCC_WARN_UNINITIALIZED_AUTOS = YES_AGGRESSIVE;
				GCC_WARN_UNUSED_FUNCTION = YES;
				GCC_WARN_UNUSED_VARIABLE = YES;
				IPHONEOS_DEPLOYMENT_TARGET = 13.5;
				MTL_ENABLE_DEBUG_INFO = INCLUDE_SOURCE;
				MTL_FAST_MATH = YES;
				ONLY_ACTIVE_ARCH = YES;
				SDKROOT = iphoneos;
				SWIFT_ACTIVE_COMPILATION_CONDITIONS = DEBUG;
				SWIFT_OPTIMIZATION_LEVEL = "-Onone";
			};
			name = Debug;
		};
		164D16E4246A10DC00267376 /* Release */ = {
			isa = XCBuildConfiguration;
			buildSettings = {
				ALWAYS_SEARCH_USER_PATHS = NO;
				CLANG_ANALYZER_NONNULL = YES;
				CLANG_ANALYZER_NUMBER_OBJECT_CONVERSION = YES_AGGRESSIVE;
				CLANG_CXX_LANGUAGE_STANDARD = "gnu++14";
				CLANG_CXX_LIBRARY = "libc++";
				CLANG_ENABLE_MODULES = YES;
				CLANG_ENABLE_OBJC_ARC = YES;
				CLANG_ENABLE_OBJC_WEAK = YES;
				CLANG_WARN_BLOCK_CAPTURE_AUTORELEASING = YES;
				CLANG_WARN_BOOL_CONVERSION = YES;
				CLANG_WARN_COMMA = YES;
				CLANG_WARN_CONSTANT_CONVERSION = YES;
				CLANG_WARN_DEPRECATED_OBJC_IMPLEMENTATIONS = YES;
				CLANG_WARN_DIRECT_OBJC_ISA_USAGE = YES_ERROR;
				CLANG_WARN_DOCUMENTATION_COMMENTS = YES;
				CLANG_WARN_EMPTY_BODY = YES;
				CLANG_WARN_ENUM_CONVERSION = YES;
				CLANG_WARN_INFINITE_RECURSION = YES;
				CLANG_WARN_INT_CONVERSION = YES;
				CLANG_WARN_NON_LITERAL_NULL_CONVERSION = YES;
				CLANG_WARN_OBJC_IMPLICIT_RETAIN_SELF = YES;
				CLANG_WARN_OBJC_LITERAL_CONVERSION = YES;
				CLANG_WARN_OBJC_ROOT_CLASS = YES_ERROR;
				CLANG_WARN_RANGE_LOOP_ANALYSIS = YES;
				CLANG_WARN_STRICT_PROTOTYPES = YES;
				CLANG_WARN_SUSPICIOUS_MOVE = YES;
				CLANG_WARN_UNGUARDED_AVAILABILITY = YES_AGGRESSIVE;
				CLANG_WARN_UNREACHABLE_CODE = YES;
				CLANG_WARN__DUPLICATE_METHOD_MATCH = YES;
				COPY_PHASE_STRIP = NO;
				DEBUG_INFORMATION_FORMAT = "dwarf-with-dsym";
				ENABLE_NS_ASSERTIONS = NO;
				ENABLE_STRICT_OBJC_MSGSEND = YES;
				ENABLE_TESTABILITY = NO;
				GCC_C_LANGUAGE_STANDARD = gnu11;
				GCC_NO_COMMON_BLOCKS = YES;
				GCC_WARN_64_TO_32_BIT_CONVERSION = YES;
				GCC_WARN_ABOUT_RETURN_TYPE = YES_ERROR;
				GCC_WARN_UNDECLARED_SELECTOR = YES;
				GCC_WARN_UNINITIALIZED_AUTOS = YES_AGGRESSIVE;
				GCC_WARN_UNUSED_FUNCTION = YES;
				GCC_WARN_UNUSED_VARIABLE = YES;
				IPHONEOS_DEPLOYMENT_TARGET = 13.5;
				MTL_ENABLE_DEBUG_INFO = NO;
				MTL_FAST_MATH = YES;
				SDKROOT = iphoneos;
				SWIFT_COMPILATION_MODE = wholemodule;
				SWIFT_OPTIMIZATION_LEVEL = "-O";
				VALIDATE_PRODUCT = YES;
			};
			name = Release;
		};
		164D16E6246A10DC00267376 /* Debug */ = {
			isa = XCBuildConfiguration;
			buildSettings = {
				ASSETCATALOG_COMPILER_APPICON_NAME = AppIcon;
				CODE_SIGN_ENTITLEMENTS = GAEN_Explorer/GAEN_Explorer.entitlements;
				CODE_SIGN_IDENTITY = "Apple Development";
				CODE_SIGN_STYLE = Automatic;
				DEVELOPMENT_ASSET_PATHS = "\"GAEN_Explorer/Preview Content\"";
				DEVELOPMENT_TEAM = "";
				ENABLE_PREVIEWS = YES;
				INFOPLIST_FILE = GAEN_Explorer/Info.plist;
				LD_RUNPATH_SEARCH_PATHS = (
					"$(inherited)",
					"@executable_path/Frameworks",
				);
				PRODUCT_NAME = "GAEN Explorer";
				PROVISIONING_PROFILE_SPECIFIER = "";
				SWIFT_VERSION = 5.0;
				TARGETED_DEVICE_FAMILY = 1;
			};
			name = Debug;
		};
		164D16E7246A10DC00267376 /* Release */ = {
			isa = XCBuildConfiguration;
			buildSettings = {
				ASSETCATALOG_COMPILER_APPICON_NAME = AppIcon;
				CODE_SIGN_ENTITLEMENTS = GAEN_Explorer/GAEN_Explorer.entitlements;
				CODE_SIGN_IDENTITY = "Apple Development";
				CODE_SIGN_STYLE = Automatic;
				DEVELOPMENT_ASSET_PATHS = "\"GAEN_Explorer/Preview Content\"";
				DEVELOPMENT_TEAM = "";
				ENABLE_PREVIEWS = YES;
				INFOPLIST_FILE = GAEN_Explorer/Info.plist;
				LD_RUNPATH_SEARCH_PATHS = (
					"$(inherited)",
					"@executable_path/Frameworks",
				);
				PRODUCT_NAME = "GAEN Explorer";
				PROVISIONING_PROFILE_SPECIFIER = "";
				SWIFT_VERSION = 5.0;
				TARGETED_DEVICE_FAMILY = 1;
			};
			name = Release;
		};
		167BBC2024926010007A7819 /* Debug */ = {
			isa = XCBuildConfiguration;
			buildSettings = {
				BUNDLE_LOADER = "$(TEST_HOST)";
				CODE_SIGN_STYLE = Automatic;
				DEVELOPMENT_TEAM = H2Z73245NN;
				INFOPLIST_FILE = "GAEN ExplorerTests/Info.plist";
				IPHONEOS_DEPLOYMENT_TARGET = 13.6;
				LD_RUNPATH_SEARCH_PATHS = (
					"$(inherited)",
					"@executable_path/Frameworks",
					"@loader_path/Frameworks",
				);
				PRODUCT_BUNDLE_IDENTIFIER = "com.ninjamonkeycoders.-.GAEN-ExplorerTests";
				PRODUCT_NAME = "$(TARGET_NAME)";
				SWIFT_VERSION = 5.0;
				TARGETED_DEVICE_FAMILY = "1,2";
				TEST_HOST = "$(BUILT_PRODUCTS_DIR)/GAEN Explorer.app/GAEN Explorer";
			};
			name = Debug;
		};
		167BBC2124926010007A7819 /* Release */ = {
			isa = XCBuildConfiguration;
			buildSettings = {
				BUNDLE_LOADER = "$(TEST_HOST)";
				CODE_SIGN_STYLE = Automatic;
				DEVELOPMENT_TEAM = H2Z73245NN;
				INFOPLIST_FILE = "GAEN ExplorerTests/Info.plist";
				IPHONEOS_DEPLOYMENT_TARGET = 13.6;
				LD_RUNPATH_SEARCH_PATHS = (
					"$(inherited)",
					"@executable_path/Frameworks",
					"@loader_path/Frameworks",
				);
				PRODUCT_BUNDLE_IDENTIFIER = "com.ninjamonkeycoders.-.GAEN-ExplorerTests";
				PRODUCT_NAME = "$(TARGET_NAME)";
				SWIFT_VERSION = 5.0;
				TARGETED_DEVICE_FAMILY = "1,2";
				TEST_HOST = "$(BUILT_PRODUCTS_DIR)/GAEN Explorer.app/GAEN Explorer";
			};
			name = Release;
		};
/* End XCBuildConfiguration section */

/* Begin XCConfigurationList section */
		164D16CC246A10D800267376 /* Build configuration list for PBXProject "GAEN_Explorer" */ = {
			isa = XCConfigurationList;
			buildConfigurations = (
				164D16E3246A10DC00267376 /* Debug */,
				164D16E4246A10DC00267376 /* Release */,
			);
			defaultConfigurationIsVisible = 0;
			defaultConfigurationName = Release;
		};
		164D16E5246A10DC00267376 /* Build configuration list for PBXNativeTarget "GAEN_Explorer" */ = {
			isa = XCConfigurationList;
			buildConfigurations = (
				164D16E6246A10DC00267376 /* Debug */,
				164D16E7246A10DC00267376 /* Release */,
			);
			defaultConfigurationIsVisible = 0;
			defaultConfigurationName = Release;
		};
		167BBC2224926010007A7819 /* Build configuration list for PBXNativeTarget "GAEN ExplorerTests" */ = {
			isa = XCConfigurationList;
			buildConfigurations = (
				167BBC2024926010007A7819 /* Debug */,
				167BBC2124926010007A7819 /* Release */,
			);
			defaultConfigurationIsVisible = 0;
			defaultConfigurationName = Release;
		};
/* End XCConfigurationList section */

/* Begin XCRemoteSwiftPackageReference section */
		164D16ED246A116F00267376 /* XCRemoteSwiftPackageReference "swift-protobuf" */ = {
			isa = XCRemoteSwiftPackageReference;
			repositoryURL = "https://github.com/apple/swift-protobuf";
			requirement = {
				kind = upToNextMajorVersion;
				minimumVersion = 1.8.0;
			};
		};
		165CBABC249EF25C009DFB7A /* XCRemoteSwiftPackageReference "swiftui-grid" */ = {
			isa = XCRemoteSwiftPackageReference;
			repositoryURL = "https://github.com/spacenation/swiftui-grid";
			requirement = {
				kind = upToNextMajorVersion;
				minimumVersion = 1.0.4;
			};
		};
/* End XCRemoteSwiftPackageReference section */

/* Begin XCSwiftPackageProductDependency section */
		164D16EE246A116F00267376 /* SwiftProtobuf */ = {
			isa = XCSwiftPackageProductDependency;
			package = 164D16ED246A116F00267376 /* XCRemoteSwiftPackageReference "swift-protobuf" */;
			productName = SwiftProtobuf;
		};
		165CBABD249EF25C009DFB7A /* Grid */ = {
			isa = XCSwiftPackageProductDependency;
			package = 165CBABC249EF25C009DFB7A /* XCRemoteSwiftPackageReference "swiftui-grid" */;
			productName = Grid;
		};
/* End XCSwiftPackageProductDependency section */
	};
	rootObject = 164D16C9246A10D800267376 /* Project object */;
}
