// !$*UTF8*$!
{
	archiveVersion = 1;
	classes = {
	};
	objectVersion = 50;
	objects = {

/* Begin PBXBuildFile section */
		16E55BFB24857FB100034202 /* AppDelegate.swift in Sources */ = {isa = PBXBuildFile; fileRef = 16E55BFA24857FB100034202 /* AppDelegate.swift */; };
		16E55BFD24857FB100034202 /* ContentView.swift in Sources */ = {isa = PBXBuildFile; fileRef = 16E55BFC24857FB100034202 /* ContentView.swift */; };
		16E55BFF24857FB800034202 /* Assets.xcassets in Resources */ = {isa = PBXBuildFile; fileRef = 16E55BFE24857FB800034202 /* Assets.xcassets */; };
		16E55C0224857FB800034202 /* Preview Assets.xcassets in Resources */ = {isa = PBXBuildFile; fileRef = 16E55C0124857FB800034202 /* Preview Assets.xcassets */; };
		16E55C0524857FB800034202 /* Main.storyboard in Resources */ = {isa = PBXBuildFile; fileRef = 16E55C0324857FB800034202 /* Main.storyboard */; };
		16E55C0E2485800200034202 /* Scanner.swift in Sources */ = {isa = PBXBuildFile; fileRef = 16E55C0D2485800200034202 /* Scanner.swift */; };
/* End PBXBuildFile section */

/* Begin PBXFileReference section */
		16E55BF724857FB100034202 /* GAEN logger.app */ = {isa = PBXFileReference; explicitFileType = wrapper.application; includeInIndex = 0; path = "GAEN logger.app"; sourceTree = BUILT_PRODUCTS_DIR; };
		16E55BFA24857FB100034202 /* AppDelegate.swift */ = {isa = PBXFileReference; lastKnownFileType = sourcecode.swift; path = AppDelegate.swift; sourceTree = "<group>"; };
		16E55BFC24857FB100034202 /* ContentView.swift */ = {isa = PBXFileReference; lastKnownFileType = sourcecode.swift; path = ContentView.swift; sourceTree = "<group>"; };
		16E55BFE24857FB800034202 /* Assets.xcassets */ = {isa = PBXFileReference; lastKnownFileType = folder.assetcatalog; path = Assets.xcassets; sourceTree = "<group>"; };
		16E55C0124857FB800034202 /* Preview Assets.xcassets */ = {isa = PBXFileReference; lastKnownFileType = folder.assetcatalog; path = "Preview Assets.xcassets"; sourceTree = "<group>"; };
		16E55C0424857FB800034202 /* Base */ = {isa = PBXFileReference; lastKnownFileType = file.storyboard; name = Base; path = Base.lproj/Main.storyboard; sourceTree = "<group>"; };
		16E55C0624857FB800034202 /* Info.plist */ = {isa = PBXFileReference; lastKnownFileType = text.plist.xml; path = Info.plist; sourceTree = "<group>"; };
		16E55C0724857FB800034202 /* GAEN_logger.entitlements */ = {isa = PBXFileReference; lastKnownFileType = text.plist.entitlements; path = GAEN_logger.entitlements; sourceTree = "<group>"; };
		16E55C0D2485800200034202 /* Scanner.swift */ = {isa = PBXFileReference; lastKnownFileType = sourcecode.swift; path = Scanner.swift; sourceTree = "<group>"; };
/* End PBXFileReference section */

/* Begin PBXFrameworksBuildPhase section */
		16E55BF424857FB100034202 /* Frameworks */ = {
			isa = PBXFrameworksBuildPhase;
			buildActionMask = 2147483647;
			files = (
			);
			runOnlyForDeploymentPostprocessing = 0;
		};
/* End PBXFrameworksBuildPhase section */

/* Begin PBXGroup section */
		16E55BEE24857FB100034202 = {
			isa = PBXGroup;
			children = (
				16E55BF924857FB100034202 /* GAEN logger */,
				16E55BF824857FB100034202 /* Products */,
			);
			sourceTree = "<group>";
		};
		16E55BF824857FB100034202 /* Products */ = {
			isa = PBXGroup;
			children = (
				16E55BF724857FB100034202 /* GAEN logger.app */,
			);
			name = Products;
			sourceTree = "<group>";
		};
		16E55BF924857FB100034202 /* GAEN logger */ = {
			isa = PBXGroup;
			children = (
				16E55BFA24857FB100034202 /* AppDelegate.swift */,
				16E55BFC24857FB100034202 /* ContentView.swift */,
				16E55C0D2485800200034202 /* Scanner.swift */,
				16E55BFE24857FB800034202 /* Assets.xcassets */,
				16E55C0324857FB800034202 /* Main.storyboard */,
				16E55C0624857FB800034202 /* Info.plist */,
				16E55C0724857FB800034202 /* GAEN_logger.entitlements */,
				16E55C0024857FB800034202 /* Preview Content */,
			);
			path = "GAEN logger";
			sourceTree = "<group>";
		};
		16E55C0024857FB800034202 /* Preview Content */ = {
			isa = PBXGroup;
			children = (
				16E55C0124857FB800034202 /* Preview Assets.xcassets */,
			);
			path = "Preview Content";
			sourceTree = "<group>";
		};
/* End PBXGroup section */

/* Begin PBXNativeTarget section */
		16E55BF624857FB100034202 /* GAEN logger */ = {
			isa = PBXNativeTarget;
			buildConfigurationList = 16E55C0A24857FB800034202 /* Build configuration list for PBXNativeTarget "GAEN logger" */;
			buildPhases = (
				16E55BF324857FB100034202 /* Sources */,
				16E55BF424857FB100034202 /* Frameworks */,
				16E55BF524857FB100034202 /* Resources */,
			);
			buildRules = (
			);
			dependencies = (
			);
			name = "GAEN logger";
			productName = "GAEN logger";
			productReference = 16E55BF724857FB100034202 /* GAEN logger.app */;
			productType = "com.apple.product-type.application";
		};
/* End PBXNativeTarget section */

/* Begin PBXProject section */
		16E55BEF24857FB100034202 /* Project object */ = {
			isa = PBXProject;
			attributes = {
				LastSwiftUpdateCheck = 1150;
				LastUpgradeCheck = 1150;
				ORGANIZATIONNAME = NinjaMonkeyCoders;
				TargetAttributes = {
					16E55BF624857FB100034202 = {
						CreatedOnToolsVersion = 11.5;
					};
				};
			};
			buildConfigurationList = 16E55BF224857FB100034202 /* Build configuration list for PBXProject "GAEN logger" */;
			compatibilityVersion = "Xcode 9.3";
			developmentRegion = en;
			hasScannedForEncodings = 0;
			knownRegions = (
				en,
				Base,
			);
			mainGroup = 16E55BEE24857FB100034202;
			productRefGroup = 16E55BF824857FB100034202 /* Products */;
			projectDirPath = "";
			projectRoot = "";
			targets = (
				16E55BF624857FB100034202 /* GAEN logger */,
			);
		};
/* End PBXProject section */

/* Begin PBXResourcesBuildPhase section */
		16E55BF524857FB100034202 /* Resources */ = {
			isa = PBXResourcesBuildPhase;
			buildActionMask = 2147483647;
			files = (
				16E55C0524857FB800034202 /* Main.storyboard in Resources */,
				16E55C0224857FB800034202 /* Preview Assets.xcassets in Resources */,
				16E55BFF24857FB800034202 /* Assets.xcassets in Resources */,
			);
			runOnlyForDeploymentPostprocessing = 0;
		};
/* End PBXResourcesBuildPhase section */

/* Begin PBXSourcesBuildPhase section */
		16E55BF324857FB100034202 /* Sources */ = {
			isa = PBXSourcesBuildPhase;
			buildActionMask = 2147483647;
			files = (
				16E55BFD24857FB100034202 /* ContentView.swift in Sources */,
				16E55C0E2485800200034202 /* Scanner.swift in Sources */,
				16E55BFB24857FB100034202 /* AppDelegate.swift in Sources */,
			);
			runOnlyForDeploymentPostprocessing = 0;
		};
/* End PBXSourcesBuildPhase section */

/* Begin PBXVariantGroup section */
		16E55C0324857FB800034202 /* Main.storyboard */ = {
			isa = PBXVariantGroup;
			children = (
				16E55C0424857FB800034202 /* Base */,
			);
			name = Main.storyboard;
			sourceTree = "<group>";
		};
/* End PBXVariantGroup section */

/* Begin XCBuildConfiguration section */
		16E55C0824857FB800034202 /* Debug */ = {
			isa = XCBuildConfiguration;
			buildSettings = {
				ALWAYS_SEARCH_USER_PATHS = NO;
				CLANG_ANALYZER_NONNULL = YES;
				CLANG_ANALYZER_NUMBER_OBJECT_CONVERSION = YES_AGGRESSIVE;
				CLANG_CXX_LANGUAGE_STANDARD = "gnu++14";
				CLANG_CXX_LIBRARY = "libc++";
				CLANG_ENABLE_MODULES = YES;
				CLANG_ENABLE_OBJC_ARC = YES;
				CLANG_ENABLE_OBJC_WEAK = YES;
				CLANG_WARN_BLOCK_CAPTURE_AUTORELEASING = YES;
				CLANG_WARN_BOOL_CONVERSION = YES;
				CLANG_WARN_COMMA = YES;
				CLANG_WARN_CONSTANT_CONVERSION = YES;
				CLANG_WARN_DEPRECATED_OBJC_IMPLEMENTATIONS = YES;
				CLANG_WARN_DIRECT_OBJC_ISA_USAGE = YES_ERROR;
				CLANG_WARN_DOCUMENTATION_COMMENTS = YES;
				CLANG_WARN_EMPTY_BODY = YES;
				CLANG_WARN_ENUM_CONVERSION = YES;
				CLANG_WARN_INFINITE_RECURSION = YES;
				CLANG_WARN_INT_CONVERSION = YES;
				CLANG_WARN_NON_LITERAL_NULL_CONVERSION = YES;
				CLANG_WARN_OBJC_IMPLICIT_RETAIN_SELF = YES;
				CLANG_WARN_OBJC_LITERAL_CONVERSION = YES;
				CLANG_WARN_OBJC_ROOT_CLASS = YES_ERROR;
				CLANG_WARN_RANGE_LOOP_ANALYSIS = YES;
				CLANG_WARN_STRICT_PROTOTYPES = YES;
				CLANG_WARN_SUSPICIOUS_MOVE = YES;
				CLANG_WARN_UNGUARDED_AVAILABILITY = YES_AGGRESSIVE;
				CLANG_WARN_UNREACHABLE_CODE = YES;
				CLANG_WARN__DUPLICATE_METHOD_MATCH = YES;
				COPY_PHASE_STRIP = NO;
				DEBUG_INFORMATION_FORMAT = dwarf;
				ENABLE_STRICT_OBJC_MSGSEND = YES;
				ENABLE_TESTABILITY = YES;
				GCC_C_LANGUAGE_STANDARD = gnu11;
				GCC_DYNAMIC_NO_PIC = NO;
				GCC_NO_COMMON_BLOCKS = YES;
				GCC_OPTIMIZATION_LEVEL = 0;
				GCC_PREPROCESSOR_DEFINITIONS = (
					"DEBUG=1",
					"$(inherited)",
				);
				GCC_WARN_64_TO_32_BIT_CONVERSION = YES;
				GCC_WARN_ABOUT_RETURN_TYPE = YES_ERROR;
				GCC_WARN_UNDECLARED_SELECTOR = YES;
				GCC_WARN_UNINITIALIZED_AUTOS = YES_AGGRESSIVE;
				GCC_WARN_UNUSED_FUNCTION = YES;
				GCC_WARN_UNUSED_VARIABLE = YES;
				MACOSX_DEPLOYMENT_TARGET = 10.15;
				MTL_ENABLE_DEBUG_INFO = INCLUDE_SOURCE;
				MTL_FAST_MATH = YES;
				ONLY_ACTIVE_ARCH = YES;
				SDKROOT = macosx;
				SWIFT_ACTIVE_COMPILATION_CONDITIONS = DEBUG;
				SWIFT_OPTIMIZATION_LEVEL = "-Onone";
			};
			name = Debug;
		};
		16E55C0924857FB800034202 /* Release */ = {
			isa = XCBuildConfiguration;
			buildSettings = {
				ALWAYS_SEARCH_USER_PATHS = NO;
				CLANG_ANALYZER_NONNULL = YES;
				CLANG_ANALYZER_NUMBER_OBJECT_CONVERSION = YES_AGGRESSIVE;
				CLANG_CXX_LANGUAGE_STANDARD = "gnu++14";
				CLANG_CXX_LIBRARY = "libc++";
				CLANG_ENABLE_MODULES = YES;
				CLANG_ENABLE_OBJC_ARC = YES;
				CLANG_ENABLE_OBJC_WEAK = YES;
				CLANG_WARN_BLOCK_CAPTURE_AUTORELEASING = YES;
				CLANG_WARN_BOOL_CONVERSION = YES;
				CLANG_WARN_COMMA = YES;
				CLANG_WARN_CONSTANT_CONVERSION = YES;
				CLANG_WARN_DEPRECATED_OBJC_IMPLEMENTATIONS = YES;
				CLANG_WARN_DIRECT_OBJC_ISA_USAGE = YES_ERROR;
				CLANG_WARN_DOCUMENTATION_COMMENTS = YES;
				CLANG_WARN_EMPTY_BODY = YES;
				CLANG_WARN_ENUM_CONVERSION = YES;
				CLANG_WARN_INFINITE_RECURSION = YES;
				CLANG_WARN_INT_CONVERSION = YES;
				CLANG_WARN_NON_LITERAL_NULL_CONVERSION = YES;
				CLANG_WARN_OBJC_IMPLICIT_RETAIN_SELF = YES;
				CLANG_WARN_OBJC_LITERAL_CONVERSION = YES;
				CLANG_WARN_OBJC_ROOT_CLASS = YES_ERROR;
				CLANG_WARN_RANGE_LOOP_ANALYSIS = YES;
				CLANG_WARN_STRICT_PROTOTYPES = YES;
				CLANG_WARN_SUSPICIOUS_MOVE = YES;
				CLANG_WARN_UNGUARDED_AVAILABILITY = YES_AGGRESSIVE;
				CLANG_WARN_UNREACHABLE_CODE = YES;
				CLANG_WARN__DUPLICATE_METHOD_MATCH = YES;
				COPY_PHASE_STRIP = NO;
				DEBUG_INFORMATION_FORMAT = "dwarf-with-dsym";
				ENABLE_NS_ASSERTIONS = NO;
				ENABLE_STRICT_OBJC_MSGSEND = YES;
				GCC_C_LANGUAGE_STANDARD = gnu11;
				GCC_NO_COMMON_BLOCKS = YES;
				GCC_WARN_64_TO_32_BIT_CONVERSION = YES;
				GCC_WARN_ABOUT_RETURN_TYPE = YES_ERROR;
				GCC_WARN_UNDECLARED_SELECTOR = YES;
				GCC_WARN_UNINITIALIZED_AUTOS = YES_AGGRESSIVE;
				GCC_WARN_UNUSED_FUNCTION = YES;
				GCC_WARN_UNUSED_VARIABLE = YES;
				MACOSX_DEPLOYMENT_TARGET = 10.15;
				MTL_ENABLE_DEBUG_INFO = NO;
				MTL_FAST_MATH = YES;
				SDKROOT = macosx;
				SWIFT_COMPILATION_MODE = wholemodule;
				SWIFT_OPTIMIZATION_LEVEL = "-O";
			};
			name = Release;
		};
		16E55C0B24857FB800034202 /* Debug */ = {
			isa = XCBuildConfiguration;
			buildSettings = {
				ASSETCATALOG_COMPILER_APPICON_NAME = AppIcon;
				CODE_SIGN_ENTITLEMENTS = "GAEN logger/GAEN_logger.entitlements";
				CODE_SIGN_STYLE = Automatic;
				COMBINE_HIDPI_IMAGES = YES;
				DEVELOPMENT_ASSET_PATHS = "\"GAEN logger/Preview Content\"";
				DEVELOPMENT_TEAM = H2Z73245NN;
				ENABLE_HARDENED_RUNTIME = YES;
				ENABLE_PREVIEWS = YES;
				INFOPLIST_FILE = "GAEN logger/Info.plist";
				LD_RUNPATH_SEARCH_PATHS = (
					"$(inherited)",
					"@executable_path/../Frameworks",
				);
				MACOSX_DEPLOYMENT_TARGET = 10.15;
				PRODUCT_BUNDLE_IDENTIFIER = "com.ninjamonkeycoders.GAEN-logger";
				PRODUCT_NAME = "$(TARGET_NAME)";
				SWIFT_VERSION = 5.0;
			};
			name = Debug;
		};
		16E55C0C24857FB800034202 /* Release */ = {
			isa = XCBuildConfiguration;
			buildSettings = {
				ASSETCATALOG_COMPILER_APPICON_NAME = AppIcon;
				CODE_SIGN_ENTITLEMENTS = "GAEN logger/GAEN_logger.entitlements";
				CODE_SIGN_STYLE = Automatic;
				COMBINE_HIDPI_IMAGES = YES;
				DEVELOPMENT_ASSET_PATHS = "\"GAEN logger/Preview Content\"";
				DEVELOPMENT_TEAM = H2Z73245NN;
				ENABLE_HARDENED_RUNTIME = YES;
				ENABLE_PREVIEWS = YES;
				INFOPLIST_FILE = "GAEN logger/Info.plist";
				LD_RUNPATH_SEARCH_PATHS = (
					"$(inherited)",
					"@executable_path/../Frameworks",
				);
				MACOSX_DEPLOYMENT_TARGET = 10.15;
				PRODUCT_BUNDLE_IDENTIFIER = "com.ninjamonkeycoders.GAEN-logger";
				PRODUCT_NAME = "$(TARGET_NAME)";
				SWIFT_VERSION = 5.0;
			};
			name = Release;
		};
/* End XCBuildConfiguration section */

/* Begin XCConfigurationList section */
		16E55BF224857FB100034202 /* Build configuration list for PBXProject "GAEN logger" */ = {
			isa = XCConfigurationList;
			buildConfigurations = (
				16E55C0824857FB800034202 /* Debug */,
				16E55C0924857FB800034202 /* Release */,
			);
			defaultConfigurationIsVisible = 0;
			defaultConfigurationName = Release;
		};
		16E55C0A24857FB800034202 /* Build configuration list for PBXNativeTarget "GAEN logger" */ = {
			isa = XCConfigurationList;
			buildConfigurations = (
				16E55C0B24857FB800034202 /* Debug */,
				16E55C0C24857FB800034202 /* Release */,
			);
			defaultConfigurationIsVisible = 0;
			defaultConfigurationName = Release;
		};
/* End XCConfigurationList section */
	};
	rootObject = 16E55BEF24857FB100034202 /* Project object */;
}
